
Microsoft Visual Studio Solution File, Format Version 12.00
# Visual Studio 15
VisualStudioVersion = 15.0.28307.329
MinimumVisualStudioVersion = 10.0.40219.1
Project("{FAE04EC0-301F-11D3-BF4B-00C04F79EFBC}") = "ObuGrades", "ObuGrades\ObuGrades.csproj", "{73071BE3-1E93-44F1-BA08-2953D151EB54}"
EndProject
Global
	GlobalSection(SolutionConfigurationPlatforms) = preSolution
		Debug|Any CPU = Debug|Any CPU
		Release|Any CPU = Release|Any CPU
	EndGlobalSection
	GlobalSection(ProjectConfigurationPlatforms) = postSolution
		{73071BE3-1E93-44F1-BA08-2953D151EB54}.Debug|Any CPU.ActiveCfg = Debug|Any CPU
		{73071BE3-1E93-44F1-BA08-2953D151EB54}.Debug|Any CPU.Build.0 = Debug|Any CPU
		{73071BE3-1E93-44F1-BA08-2953D151EB54}.Release|Any CPU.ActiveCfg = Release|Any CPU
		{73071BE3-1E93-44F1-BA08-2953D151EB54}.Release|Any CPU.Build.0 = Release|Any CPU
	EndGlobalSection
	GlobalSection(SolutionProperties) = preSolution
		HideSolutionNode = FALSE
	EndGlobalSection
	GlobalSection(ExtensibilityGlobals) = postSolution
		SolutionGuid = {B18B9F6A-67BB-46E3-869D-8CED008D0A52}
	EndGlobalSection
EndGlobal
